
Microsoft Visual Studio Solution File, Format Version 12.00
# Visual Studio Version 16
VisualStudioVersion = 16.0.29215.179
MinimumVisualStudioVersion = 10.0.40219.1
Project("{FAE04EC0-301F-11D3-BF4B-00C04F79EFBC}") = "LightsOut", "LightsOut\LightsOut.csproj", "{DBF2728A-E50B-411C-A668-47CD5476AC5B}"
EndProject
Global
	GlobalSection(SolutionConfigurationPlatforms) = preSolution
		Debug|Any CPU = Debug|Any CPU
		Release|Any CPU = Release|Any CPU
	EndGlobalSection
	GlobalSection(ProjectConfigurationPlatforms) = postSolution
		{DBF2728A-E50B-411C-A668-47CD5476AC5B}.Debug|Any CPU.ActiveCfg = Debug|Any CPU
		{DBF2728A-E50B-411C-A668-47CD5476AC5B}.Debug|Any CPU.Build.0 = Debug|Any CPU
		{DBF2728A-E50B-411C-A668-47CD5476AC5B}.Release|Any CPU.ActiveCfg = Release|Any CPU
		{DBF2728A-E50B-411C-A668-47CD5476AC5B}.Release|Any CPU.Build.0 = Release|Any CPU
	EndGlobalSection
	GlobalSection(SolutionProperties) = preSolution
		HideSolutionNode = FALSE
	EndGlobalSection
	GlobalSection(ExtensibilityGlobals) = postSolution
		SolutionGuid = {A8098B26-22CC-4660-90E8-7D49C066FF60}
	EndGlobalSection
EndGlobal
